
Microsoft Visual Studio Solution File, Format Version 12.00
# Visual Studio Version 17
VisualStudioVersion = 17.13.35931.197 d17.13
MinimumVisualStudioVersion = 10.0.40219.1
Project("{FAE04EC0-301F-11D3-BF4B-00C04F79EFBC}") = "Minesweeper-AI", "Minesweeper-AI\Minesweeper-AI.csproj", "{547F40A9-52EE-42B2-B839-EA1749662C2D}"
EndProject
Global
	GlobalSection(SolutionConfigurationPlatforms) = preSolution
		Debug|Any CPU = Debug|Any CPU
		Release|Any CPU = Release|Any CPU
	EndGlobalSection
	GlobalSection(ProjectConfigurationPlatforms) = postSolution
		{547F40A9-52EE-42B2-B839-EA1749662C2D}.Debug|Any CPU.ActiveCfg = Debug|Any CPU
		{547F40A9-52EE-42B2-B839-EA1749662C2D}.Debug|Any CPU.Build.0 = Debug|Any CPU
		{547F40A9-52EE-42B2-B839-EA1749662C2D}.Release|Any CPU.ActiveCfg = Release|Any CPU
		{547F40A9-52EE-42B2-B839-EA1749662C2D}.Release|Any CPU.Build.0 = Release|Any CPU
	EndGlobalSection
	GlobalSection(SolutionProperties) = preSolution
		HideSolutionNode = FALSE
	EndGlobalSection
	GlobalSection(ExtensibilityGlobals) = postSolution
		SolutionGuid = {238AFF07-2DF0-4925-92F4-E681E3C1D589}
	EndGlobalSection
EndGlobal
